
Microsoft Visual Studio Solution File, Format Version 12.00
# Visual Studio Version 17
VisualStudioVersion = 17.14.36121.58 d17.14
MinimumVisualStudioVersion = 10.0.40219.1
Project("{2150E333-8FDC-42A3-9474-1A3956D46DE8}") = "src", "src", "{02EA681E-C7D8-13C7-8484-4AC65E1B71E8}"
EndProject
Project("{2150E333-8FDC-42A3-9474-1A3956D46DE8}") = "tests", "tests", "{8BD77145-5461-4EAC-B1A3-979FC7938EAC}"
EndProject
Project("{2150E333-8FDC-42A3-9474-1A3956D46DE8}") = "backend", "backend", "{0EBCE557-06ED-4DF5-A14B-182DD4DFDD7F}"
EndProject
Project("{2150E333-8FDC-42A3-9474-1A3956D46DE8}") = "shared", "shared", "{F33CD1CE-3783-4E3B-8B16-BB7A7A36CE21}"
EndProject
Project("{FAE04EC0-301F-11D3-BF4B-00C04F79EFBC}") = "SmartScheduling.API", "src\backend\SmartScheduling.API\SmartScheduling.API.csproj", "{AEA576F8-72F3-4883-B517-B6FA91D45487}"
EndProject
Global
	GlobalSection(SolutionConfigurationPlatforms) = preSolution
		Debug|Any CPU = Debug|Any CPU
		Release|Any CPU = Release|Any CPU
	EndGlobalSection
	GlobalSection(ProjectConfigurationPlatforms) = postSolution
		{AEA576F8-72F3-4883-B517-B6FA91D45487}.Debug|Any CPU.ActiveCfg = Debug|Any CPU
		{AEA576F8-72F3-4883-B517-B6FA91D45487}.Debug|Any CPU.Build.0 = Debug|Any CPU
		{AEA576F8-72F3-4883-B517-B6FA91D45487}.Release|Any CPU.ActiveCfg = Release|Any CPU
		{AEA576F8-72F3-4883-B517-B6FA91D45487}.Release|Any CPU.Build.0 = Release|Any CPU
	EndGlobalSection
	GlobalSection(SolutionProperties) = preSolution
		HideSolutionNode = FALSE
	EndGlobalSection
	GlobalSection(NestedProjects) = preSolution
		{0EBCE557-06ED-4DF5-A14B-182DD4DFDD7F} = {02EA681E-C7D8-13C7-8484-4AC65E1B71E8}
		{F33CD1CE-3783-4E3B-8B16-BB7A7A36CE21} = {02EA681E-C7D8-13C7-8484-4AC65E1B71E8}
		{AEA576F8-72F3-4883-B517-B6FA91D45487} = {0EBCE557-06ED-4DF5-A14B-182DD4DFDD7F}
	EndGlobalSection
	GlobalSection(ExtensibilityGlobals) = postSolution
		SolutionGuid = {DD022EAE-CD7F-4AD1-963E-0B644721D450}
	EndGlobalSection
EndGlobal
